
Microsoft Visual Studio Solution File, Format Version 12.00
# Visual Studio 2013
VisualStudioVersion = 12.0.30723.0
MinimumVisualStudioVersion = 10.0.40219.1
Project("{FAE04EC0-301F-11D3-BF4B-00C04F79EFBC}") = "Shapes", "Shapes\Shapes.csproj", "{BE504591-F303-43C8-8581-57EC1B1FA99C}"
EndProject
Project("{FAE04EC0-301F-11D3-BF4B-00C04F79EFBC}") = "BankofKurtovoKonare", "BankofKurtovoKonare\BankofKurtovoKonare.csproj", "{06D50811-FB49-4231-8665-866B75F359E3}"
EndProject
Project("{FAE04EC0-301F-11D3-BF4B-00C04F79EFBC}") = "Game", "Game\Game.csproj", "{C890FC71-32D2-46FF-BC76-750E87FD47EB}"
EndProject
Global
	GlobalSection(SolutionConfigurationPlatforms) = preSolution
		Debug|Any CPU = Debug|Any CPU
		Release|Any CPU = Release|Any CPU
	EndGlobalSection
	GlobalSection(ProjectConfigurationPlatforms) = postSolution
		{BE504591-F303-43C8-8581-57EC1B1FA99C}.Debug|Any CPU.ActiveCfg = Debug|Any CPU
		{BE504591-F303-43C8-8581-57EC1B1FA99C}.Debug|Any CPU.Build.0 = Debug|Any CPU
		{BE504591-F303-43C8-8581-57EC1B1FA99C}.Release|Any CPU.ActiveCfg = Release|Any CPU
		{BE504591-F303-43C8-8581-57EC1B1FA99C}.Release|Any CPU.Build.0 = Release|Any CPU
		{06D50811-FB49-4231-8665-866B75F359E3}.Debug|Any CPU.ActiveCfg = Debug|Any CPU
		{06D50811-FB49-4231-8665-866B75F359E3}.Debug|Any CPU.Build.0 = Debug|Any CPU
		{06D50811-FB49-4231-8665-866B75F359E3}.Release|Any CPU.ActiveCfg = Release|Any CPU
		{06D50811-FB49-4231-8665-866B75F359E3}.Release|Any CPU.Build.0 = Release|Any CPU
		{C890FC71-32D2-46FF-BC76-750E87FD47EB}.Debug|Any CPU.ActiveCfg = Debug|Any CPU
		{C890FC71-32D2-46FF-BC76-750E87FD47EB}.Debug|Any CPU.Build.0 = Debug|Any CPU
		{C890FC71-32D2-46FF-BC76-750E87FD47EB}.Release|Any CPU.ActiveCfg = Release|Any CPU
		{C890FC71-32D2-46FF-BC76-750E87FD47EB}.Release|Any CPU.Build.0 = Release|Any CPU
	EndGlobalSection
	GlobalSection(SolutionProperties) = preSolution
		HideSolutionNode = FALSE
	EndGlobalSection
EndGlobal
